
Microsoft Visual Studio Solution File, Format Version 11.00
# Visual Studio 2010
Project("{FAE04EC0-301F-11D3-BF4B-00C04F79EFBC}") = "XGraphStandalone", "XGraphStandalone.csproj", "{2f08abfb-bec3-aa4a-0490-64e8a808b113}"
EndProject
Project("{FAE04EC0-301F-11D3-BF4B-00C04F79EFBC}") = "XGraphEditor", "XGraphEditor.csproj", "{57944196-1d0c-4e40-1fff-fa0089a57b7c}"
EndProject
Project("{FAE04EC0-301F-11D3-BF4B-00C04F79EFBC}") = "XStorylineStandalone", "XStorylineStandalone.csproj", "{0137e28d-e3e0-be15-a12d-5908f5362274}"
EndProject
Project("{FAE04EC0-301F-11D3-BF4B-00C04F79EFBC}") = "XStorylineEditor", "XStorylineEditor.csproj", "{04af5f7c-b689-da5b-d217-2038303245e7}"
EndProject
Global
	GlobalSection(SolutionConfigurationPlatforms) = preSolution
		Debug|Any CPU = Debug|Any CPU
	EndGlobalSection
	GlobalSection(ProjectConfigurationPlatforms) = postSolution
		{2f08abfb-bec3-aa4a-0490-64e8a808b113}.Debug|Any CPU.ActiveCfg = Debug|Any CPU
		{2f08abfb-bec3-aa4a-0490-64e8a808b113}.Debug|Any CPU.Build.0 = Debug|Any CPU
		{57944196-1d0c-4e40-1fff-fa0089a57b7c}.Debug|Any CPU.ActiveCfg = Debug|Any CPU
		{57944196-1d0c-4e40-1fff-fa0089a57b7c}.Debug|Any CPU.Build.0 = Debug|Any CPU
		{0137e28d-e3e0-be15-a12d-5908f5362274}.Debug|Any CPU.ActiveCfg = Debug|Any CPU
		{0137e28d-e3e0-be15-a12d-5908f5362274}.Debug|Any CPU.Build.0 = Debug|Any CPU
		{04af5f7c-b689-da5b-d217-2038303245e7}.Debug|Any CPU.ActiveCfg = Debug|Any CPU
		{04af5f7c-b689-da5b-d217-2038303245e7}.Debug|Any CPU.Build.0 = Debug|Any CPU
	EndGlobalSection
	GlobalSection(SolutionProperties) = preSolution
		HideSolutionNode = FALSE
	EndGlobalSection
EndGlobal
